
Microsoft Visual Studio Solution File, Format Version 12.00
# Visual Studio Version 17
VisualStudioVersion = 17.14.36511.14 d17.14
MinimumVisualStudioVersion = 10.0.40219.1
Project("{FAE04EC0-301F-11D3-BF4B-00C04F79EFBC}") = "WeatherStationCommon", "WeatherStationCommon\WeatherStationCommon.csproj", "{712CFC54-8907-473D-B8C2-1795710A61A2}"
EndProject
Project("{FAE04EC0-301F-11D3-BF4B-00C04F79EFBC}") = "WeatherStationServer", "WeatherStationServer\WeatherStationServer.csproj", "{C51F9162-F00C-4331-BA5E-7CE36ED1583B}"
EndProject
Project("{FAE04EC0-301F-11D3-BF4B-00C04F79EFBC}") = "WeatherStationClient", "WeatherStationClient\WeatherStationClient.csproj", "{EE4358A4-A79E-481A-BCFE-6A383038830F}"
EndProject
Global
	GlobalSection(SolutionConfigurationPlatforms) = preSolution
		Debug|Any CPU = Debug|Any CPU
		Release|Any CPU = Release|Any CPU
	EndGlobalSection
	GlobalSection(ProjectConfigurationPlatforms) = postSolution
		{712CFC54-8907-473D-B8C2-1795710A61A2}.Debug|Any CPU.ActiveCfg = Debug|Any CPU
		{712CFC54-8907-473D-B8C2-1795710A61A2}.Debug|Any CPU.Build.0 = Debug|Any CPU
		{712CFC54-8907-473D-B8C2-1795710A61A2}.Release|Any CPU.ActiveCfg = Release|Any CPU
		{712CFC54-8907-473D-B8C2-1795710A61A2}.Release|Any CPU.Build.0 = Release|Any CPU
		{C51F9162-F00C-4331-BA5E-7CE36ED1583B}.Debug|Any CPU.ActiveCfg = Debug|Any CPU
		{C51F9162-F00C-4331-BA5E-7CE36ED1583B}.Debug|Any CPU.Build.0 = Debug|Any CPU
		{C51F9162-F00C-4331-BA5E-7CE36ED1583B}.Release|Any CPU.ActiveCfg = Release|Any CPU
		{C51F9162-F00C-4331-BA5E-7CE36ED1583B}.Release|Any CPU.Build.0 = Release|Any CPU
		{EE4358A4-A79E-481A-BCFE-6A383038830F}.Debug|Any CPU.ActiveCfg = Debug|Any CPU
		{EE4358A4-A79E-481A-BCFE-6A383038830F}.Debug|Any CPU.Build.0 = Debug|Any CPU
		{EE4358A4-A79E-481A-BCFE-6A383038830F}.Release|Any CPU.ActiveCfg = Release|Any CPU
		{EE4358A4-A79E-481A-BCFE-6A383038830F}.Release|Any CPU.Build.0 = Release|Any CPU
	EndGlobalSection
	GlobalSection(SolutionProperties) = preSolution
		HideSolutionNode = FALSE
	EndGlobalSection
	GlobalSection(ExtensibilityGlobals) = postSolution
		SolutionGuid = {9C4CB0C2-633F-47E7-B614-4E9DA0194662}
	EndGlobalSection
EndGlobal
